
Microsoft Visual Studio Solution File, Format Version 11.00
# Visual Studio 2010
Project("{FAE04EC0-301F-11D3-BF4B-00C04F79EFBC}") = "Sistema Prorim", "Sistema Prorim\Sistema Prorim.csproj", "{E9DBCF5C-3E61-42A5-A167-6260C8E3D8C0}"
EndProject
Project("{2150E333-8FDC-42A3-9474-1A3956D46DE8}") = "Solution Items", "Solution Items", "{EB363667-4BA9-4787-AA74-27E46B59E5C9}"
	ProjectSection(SolutionItems) = preProject
		Local.testsettings = Local.testsettings
		Sistema Prorim.vsmdi = Sistema Prorim.vsmdi
		TraceAndTestImpact.testsettings = TraceAndTestImpact.testsettings
	EndProjectSection
EndProject
Global
	GlobalSection(TestCaseManagementSettings) = postSolution
		CategoryFile = Sistema Prorim.vsmdi
	EndGlobalSection
	GlobalSection(SolutionConfigurationPlatforms) = preSolution
		Debug|Any CPU = Debug|Any CPU
		Debug|Mixed Platforms = Debug|Mixed Platforms
		Debug|x86 = Debug|x86
		Release|Any CPU = Release|Any CPU
		Release|Mixed Platforms = Release|Mixed Platforms
		Release|x86 = Release|x86
	EndGlobalSection
	GlobalSection(ProjectConfigurationPlatforms) = postSolution
		{E9DBCF5C-3E61-42A5-A167-6260C8E3D8C0}.Debug|Any CPU.ActiveCfg = Debug|x86
		{E9DBCF5C-3E61-42A5-A167-6260C8E3D8C0}.Debug|Mixed Platforms.ActiveCfg = Debug|x86
		{E9DBCF5C-3E61-42A5-A167-6260C8E3D8C0}.Debug|Mixed Platforms.Build.0 = Debug|x86
		{E9DBCF5C-3E61-42A5-A167-6260C8E3D8C0}.Debug|x86.ActiveCfg = Debug|x86
		{E9DBCF5C-3E61-42A5-A167-6260C8E3D8C0}.Debug|x86.Build.0 = Debug|x86
		{E9DBCF5C-3E61-42A5-A167-6260C8E3D8C0}.Release|Any CPU.ActiveCfg = Release|x86
		{E9DBCF5C-3E61-42A5-A167-6260C8E3D8C0}.Release|Mixed Platforms.ActiveCfg = Release|x86
		{E9DBCF5C-3E61-42A5-A167-6260C8E3D8C0}.Release|Mixed Platforms.Build.0 = Release|x86
		{E9DBCF5C-3E61-42A5-A167-6260C8E3D8C0}.Release|x86.ActiveCfg = Release|x86
		{E9DBCF5C-3E61-42A5-A167-6260C8E3D8C0}.Release|x86.Build.0 = Release|x86
	EndGlobalSection
	GlobalSection(SolutionProperties) = preSolution
		HideSolutionNode = FALSE
	EndGlobalSection
EndGlobal
